
Microsoft Visual Studio Solution File, Format Version 12.00
# Visual Studio Version 17
VisualStudioVersion = 17.5.002.0
MinimumVisualStudioVersion = 10.0.40219.1
Project("{9A19103F-16F7-4668-BE54-9A1E7A4F7556}") = "handlers", "handlers.csproj", "{6F70E249-6E2F-455C-A7BC-128844457849}"
EndProject
Global
	GlobalSection(SolutionConfigurationPlatforms) = preSolution
		Debug|Any CPU = Debug|Any CPU
		Release|Any CPU = Release|Any CPU
	EndGlobalSection
	GlobalSection(ProjectConfigurationPlatforms) = postSolution
		{6F70E249-6E2F-455C-A7BC-128844457849}.Debug|Any CPU.ActiveCfg = Debug|Any CPU
		{6F70E249-6E2F-455C-A7BC-128844457849}.Debug|Any CPU.Build.0 = Debug|Any CPU
		{6F70E249-6E2F-455C-A7BC-128844457849}.Release|Any CPU.ActiveCfg = Release|Any CPU
		{6F70E249-6E2F-455C-A7BC-128844457849}.Release|Any CPU.Build.0 = Release|Any CPU
	EndGlobalSection
	GlobalSection(SolutionProperties) = preSolution
		HideSolutionNode = FALSE
	EndGlobalSection
	GlobalSection(ExtensibilityGlobals) = postSolution
		SolutionGuid = {BD3A714A-1822-4D7F-8CBD-848C3CD9E6DE}
	EndGlobalSection
EndGlobal
